
Microsoft Visual Studio Solution File, Format Version 12.00
# Visual Studio Version 17
VisualStudioVersion = 17.5.002.0
MinimumVisualStudioVersion = 10.0.40219.1
Project("{9A19103F-16F7-4668-BE54-9A1E7A4F7556}") = "MyMvcApp", "MyMvcApp.csproj", "{81883671-BDBB-4344-A8CC-52BC462EAB79}"
EndProject
Global
	GlobalSection(SolutionConfigurationPlatforms) = preSolution
		Debug|Any CPU = Debug|Any CPU
		Release|Any CPU = Release|Any CPU
	EndGlobalSection
	GlobalSection(ProjectConfigurationPlatforms) = postSolution
		{81883671-BDBB-4344-A8CC-52BC462EAB79}.Debug|Any CPU.ActiveCfg = Debug|Any CPU
		{81883671-BDBB-4344-A8CC-52BC462EAB79}.Debug|Any CPU.Build.0 = Debug|Any CPU
		{81883671-BDBB-4344-A8CC-52BC462EAB79}.Release|Any CPU.ActiveCfg = Release|Any CPU
		{81883671-BDBB-4344-A8CC-52BC462EAB79}.Release|Any CPU.Build.0 = Release|Any CPU
	EndGlobalSection
	GlobalSection(SolutionProperties) = preSolution
		HideSolutionNode = FALSE
	EndGlobalSection
	GlobalSection(ExtensibilityGlobals) = postSolution
		SolutionGuid = {6D29153C-4640-40DD-943E-426DB838A7AC}
	EndGlobalSection
EndGlobal
